
Microsoft Visual Studio Solution File, Format Version 12.00
# Visual Studio Version 17
VisualStudioVersion = 17.7.34024.191
MinimumVisualStudioVersion = 10.0.40219.1
Project("{FAE04EC0-301F-11D3-BF4B-00C04F79EFBC}") = "QLHOCSINHCAP3", "QLHOCSINHCAP3\QLHOCSINHCAP3.csproj", "{BDCEEF8D-336A-4319-8554-6A890912DC99}"
EndProject
Global
	GlobalSection(SolutionConfigurationPlatforms) = preSolution
		Debug|Any CPU = Debug|Any CPU
		Release|Any CPU = Release|Any CPU
	EndGlobalSection
	GlobalSection(ProjectConfigurationPlatforms) = postSolution
		{BDCEEF8D-336A-4319-8554-6A890912DC99}.Debug|Any CPU.ActiveCfg = Debug|Any CPU
		{BDCEEF8D-336A-4319-8554-6A890912DC99}.Debug|Any CPU.Build.0 = Debug|Any CPU
		{BDCEEF8D-336A-4319-8554-6A890912DC99}.Release|Any CPU.ActiveCfg = Release|Any CPU
		{BDCEEF8D-336A-4319-8554-6A890912DC99}.Release|Any CPU.Build.0 = Release|Any CPU
	EndGlobalSection
	GlobalSection(SolutionProperties) = preSolution
		HideSolutionNode = FALSE
	EndGlobalSection
	GlobalSection(ExtensibilityGlobals) = postSolution
		SolutionGuid = {AD1A0E9E-95F2-4E58-95EE-6D64829B222F}
	EndGlobalSection
EndGlobal
